<Solution>
  <Project Path="WpfBusanFestivalApp/WpfBusanFestivalApp.csproj" Id="d94eb31e-61c8-4d5f-a651-1066fa18119c" />
  <Project Path="WpfBusanShoppingApp/WpfBusanShoppingApp.csproj" Id="506f8044-6139-415f-83bd-0d84e206db18" />
  <Project Path="WpfCafeKiosk/WpfCafeKiosk.csproj" />
  <Project Path="WpfSmartHomeSensingApp/WpfSmartHomeSensingApp.csproj" Id="3383a303-1849-49d0-a1bf-e493fe9a6f69" />
  <Project Path="WpfSmartHomeSubscribeApp/WpfSmartHomeSubscribeApp.csproj" />
  <Project Path="WpfTestApp/WpfTestApp.csproj" />
</Solution>
